
Microsoft Visual Studio Solution File, Format Version 12.00
# Visual Studio Version 17
VisualStudioVersion = 17.5.33502.453
MinimumVisualStudioVersion = 10.0.40219.1
Project("{FAE04EC0-301F-11D3-BF4B-00C04F79EFBC}") = "MyDocFxProject", "MyDocFxProject\MyDocFxProject.csproj", "{B1F44C60-38A9-4807-9227-9B7E9779375A}"
EndProject
Global
	GlobalSection(SolutionConfigurationPlatforms) = preSolution
		Debug|Any CPU = Debug|Any CPU
		Release|Any CPU = Release|Any CPU
	EndGlobalSection
	GlobalSection(ProjectConfigurationPlatforms) = postSolution
		{B1F44C60-38A9-4807-9227-9B7E9779375A}.Debug|Any CPU.ActiveCfg = Debug|Any CPU
		{B1F44C60-38A9-4807-9227-9B7E9779375A}.Debug|Any CPU.Build.0 = Debug|Any CPU
		{B1F44C60-38A9-4807-9227-9B7E9779375A}.Release|Any CPU.ActiveCfg = Release|Any CPU
		{B1F44C60-38A9-4807-9227-9B7E9779375A}.Release|Any CPU.Build.0 = Release|Any CPU
	EndGlobalSection
	GlobalSection(SolutionProperties) = preSolution
		HideSolutionNode = FALSE
	EndGlobalSection
	GlobalSection(ExtensibilityGlobals) = postSolution
		SolutionGuid = {66771E55-A45D-4154-BBCB-7C4F50EAE3FC}
	EndGlobalSection
EndGlobal
